// !$*UTF8*$!
{
	archiveVersion = 1;
	classes = {
	};
	objectVersion = 50;
	objects = {

/* Begin PBXBuildFile section */
		368179D12213E1C600C0B043 /* AppDelegate.swift in Sources */ = {isa = PBXBuildFile; fileRef = 368179D02213E1C600C0B043 /* AppDelegate.swift */; };
		368179D32213E1C600C0B043 /* ViewController.swift in Sources */ = {isa = PBXBuildFile; fileRef = 368179D22213E1C600C0B043 /* ViewController.swift */; };
		368179D62213E1C600C0B043 /* Main.storyboard in Resources */ = {isa = PBXBuildFile; fileRef = 368179D42213E1C600C0B043 /* Main.storyboard */; };
		368179D82213E1CD00C0B043 /* Assets.xcassets in Resources */ = {isa = PBXBuildFile; fileRef = 368179D72213E1CD00C0B043 /* Assets.xcassets */; };
		368179DB2213E1CD00C0B043 /* LaunchScreen.storyboard in Resources */ = {isa = PBXBuildFile; fileRef = 368179D92213E1CD00C0B043 /* LaunchScreen.storyboard */; };
		368179E62213E1CD00C0B043 /* WeatherTests.swift in Sources */ = {isa = PBXBuildFile; fileRef = 368179E52213E1CD00C0B043 /* WeatherTests.swift */; };
		368179F12213E1CE00C0B043 /* WeatherUITests.swift in Sources */ = {isa = PBXBuildFile; fileRef = 368179F02213E1CE00C0B043 /* WeatherUITests.swift */; };
		368179FF2213E36800C0B043 /* test.swift in Sources */ = {isa = PBXBuildFile; fileRef = 368179FE2213E36800C0B043 /* test.swift */; };
/* End PBXBuildFile section */

/* Begin PBXContainerItemProxy section */
		368179E22213E1CD00C0B043 /* PBXContainerItemProxy */ = {
			isa = PBXContainerItemProxy;
			containerPortal = 368179C52213E1C500C0B043 /* Project object */;
			proxyType = 1;
			remoteGlobalIDString = 368179CC2213E1C500C0B043;
			remoteInfo = Weather;
		};
		368179ED2213E1CE00C0B043 /* PBXContainerItemProxy */ = {
			isa = PBXContainerItemProxy;
			containerPortal = 368179C52213E1C500C0B043 /* Project object */;
			proxyType = 1;
			remoteGlobalIDString = 368179CC2213E1C500C0B043;
			remoteInfo = Weather;
		};
/* End PBXContainerItemProxy section */

/* Begin PBXFileReference section */
		368179CD2213E1C600C0B043 /* Weather.app */ = {isa = PBXFileReference; explicitFileType = wrapper.application; includeInIndex = 0; path = Weather.app; sourceTree = BUILT_PRODUCTS_DIR; };
		368179D02213E1C600C0B043 /* AppDelegate.swift */ = {isa = PBXFileReference; lastKnownFileType = sourcecode.swift; path = AppDelegate.swift; sourceTree = "<group>"; };
		368179D22213E1C600C0B043 /* ViewController.swift */ = {isa = PBXFileReference; lastKnownFileType = sourcecode.swift; path = ViewController.swift; sourceTree = "<group>"; };
		368179D52213E1C600C0B043 /* Base */ = {isa = PBXFileReference; lastKnownFileType = file.storyboard; name = Base; path = Base.lproj/Main.storyboard; sourceTree = "<group>"; };
		368179D72213E1CD00C0B043 /* Assets.xcassets */ = {isa = PBXFileReference; lastKnownFileType = folder.assetcatalog; path = Assets.xcassets; sourceTree = "<group>"; };
		368179DA2213E1CD00C0B043 /* Base */ = {isa = PBXFileReference; lastKnownFileType = file.storyboard; name = Base; path = Base.lproj/LaunchScreen.storyboard; sourceTree = "<group>"; };
		368179DC2213E1CD00C0B043 /* Info.plist */ = {isa = PBXFileReference; lastKnownFileType = text.plist.xml; path = Info.plist; sourceTree = "<group>"; };
		368179E12213E1CD00C0B043 /* WeatherTests.xctest */ = {isa = PBXFileReference; explicitFileType = wrapper.cfbundle; includeInIndex = 0; path = WeatherTests.xctest; sourceTree = BUILT_PRODUCTS_DIR; };
		368179E52213E1CD00C0B043 /* WeatherTests.swift */ = {isa = PBXFileReference; lastKnownFileType = sourcecode.swift; path = WeatherTests.swift; sourceTree = "<group>"; };
		368179E72213E1CD00C0B043 /* Info.plist */ = {isa = PBXFileReference; lastKnownFileType = text.plist.xml; path = Info.plist; sourceTree = "<group>"; };
		368179EC2213E1CE00C0B043 /* WeatherUITests.xctest */ = {isa = PBXFileReference; explicitFileType = wrapper.cfbundle; includeInIndex = 0; path = WeatherUITests.xctest; sourceTree = BUILT_PRODUCTS_DIR; };
		368179F02213E1CE00C0B043 /* WeatherUITests.swift */ = {isa = PBXFileReference; lastKnownFileType = sourcecode.swift; path = WeatherUITests.swift; sourceTree = "<group>"; };
		368179F22213E1CE00C0B043 /* Info.plist */ = {isa = PBXFileReference; lastKnownFileType = text.plist.xml; path = Info.plist; sourceTree = "<group>"; };
		368179FE2213E36800C0B043 /* test.swift */ = {isa = PBXFileReference; lastKnownFileType = sourcecode.swift; path = test.swift; sourceTree = "<group>"; };
/* End PBXFileReference section */

/* Begin PBXFrameworksBuildPhase section */
		368179CA2213E1C500C0B043 /* Frameworks */ = {
			isa = PBXFrameworksBuildPhase;
			buildActionMask = 2147483647;
			files = (
			);
			runOnlyForDeploymentPostprocessing = 0;
		};
		368179DE2213E1CD00C0B043 /* Frameworks */ = {
			isa = PBXFrameworksBuildPhase;
			buildActionMask = 2147483647;
			files = (
			);
			runOnlyForDeploymentPostprocessing = 0;
		};
		368179E92213E1CE00C0B043 /* Frameworks */ = {
			isa = PBXFrameworksBuildPhase;
			buildActionMask = 2147483647;
			files = (
			);
			runOnlyForDeploymentPostprocessing = 0;
		};
/* End PBXFrameworksBuildPhase section */

/* Begin PBXGroup section */
		368179C42213E1C500C0B043 = {
			isa = PBXGroup;
			children = (
				368179FE2213E36800C0B043 /* test.swift */,
				368179CF2213E1C600C0B043 /* Weather */,
				368179E42213E1CD00C0B043 /* WeatherTests */,
				368179EF2213E1CE00C0B043 /* WeatherUITests */,
				368179CE2213E1C600C0B043 /* Products */,
			);
			sourceTree = "<group>";
		};
		368179CE2213E1C600C0B043 /* Products */ = {
			isa = PBXGroup;
			children = (
				368179CD2213E1C600C0B043 /* Weather.app */,
				368179E12213E1CD00C0B043 /* WeatherTests.xctest */,
				368179EC2213E1CE00C0B043 /* WeatherUITests.xctest */,
			);
			name = Products;
			sourceTree = "<group>";
		};
		368179CF2213E1C600C0B043 /* Weather */ = {
			isa = PBXGroup;
			children = (
				368179D02213E1C600C0B043 /* AppDelegate.swift */,
				368179D22213E1C600C0B043 /* ViewController.swift */,
				368179D42213E1C600C0B043 /* Main.storyboard */,
				368179D72213E1CD00C0B043 /* Assets.xcassets */,
				368179D92213E1CD00C0B043 /* LaunchScreen.storyboard */,
				368179DC2213E1CD00C0B043 /* Info.plist */,
			);
			path = Weather;
			sourceTree = "<group>";
		};
		368179E42213E1CD00C0B043 /* WeatherTests */ = {
			isa = PBXGroup;
			children = (
				368179E52213E1CD00C0B043 /* WeatherTests.swift */,
				368179E72213E1CD00C0B043 /* Info.plist */,
			);
			path = WeatherTests;
			sourceTree = "<group>";
		};
		368179EF2213E1CE00C0B043 /* WeatherUITests */ = {
			isa = PBXGroup;
			children = (
				368179F02213E1CE00C0B043 /* WeatherUITests.swift */,
				368179F22213E1CE00C0B043 /* Info.plist */,
			);
			path = WeatherUITests;
			sourceTree = "<group>";
		};
/* End PBXGroup section */

/* Begin PBXNativeTarget section */
		368179CC2213E1C500C0B043 /* Weather */ = {
			isa = PBXNativeTarget;
			buildConfigurationList = 368179F52213E1CE00C0B043 /* Build configuration list for PBXNativeTarget "Weather" */;
			buildPhases = (
				368179C92213E1C500C0B043 /* Sources */,
				368179CA2213E1C500C0B043 /* Frameworks */,
				368179CB2213E1C500C0B043 /* Resources */,
			);
			buildRules = (
			);
			dependencies = (
			);
			name = Weather;
			productName = Weather;
			productReference = 368179CD2213E1C600C0B043 /* Weather.app */;
			productType = "com.apple.product-type.application";
		};
		368179E02213E1CD00C0B043 /* WeatherTests */ = {
			isa = PBXNativeTarget;
			buildConfigurationList = 368179F82213E1CE00C0B043 /* Build configuration list for PBXNativeTarget "WeatherTests" */;
			buildPhases = (
				368179DD2213E1CD00C0B043 /* Sources */,
				368179DE2213E1CD00C0B043 /* Frameworks */,
				368179DF2213E1CD00C0B043 /* Resources */,
			);
			buildRules = (
			);
			dependencies = (
				368179E32213E1CD00C0B043 /* PBXTargetDependency */,
			);
			name = WeatherTests;
			productName = WeatherTests;
			productReference = 368179E12213E1CD00C0B043 /* WeatherTests.xctest */;
			productType = "com.apple.product-type.bundle.unit-test";
		};
		368179EB2213E1CE00C0B043 /* WeatherUITests */ = {
			isa = PBXNativeTarget;
			buildConfigurationList = 368179FB2213E1CE00C0B043 /* Build configuration list for PBXNativeTarget "WeatherUITests" */;
			buildPhases = (
				368179E82213E1CE00C0B043 /* Sources */,
				368179E92213E1CE00C0B043 /* Frameworks */,
				368179EA2213E1CE00C0B043 /* Resources */,
			);
			buildRules = (
			);
			dependencies = (
				368179EE2213E1CE00C0B043 /* PBXTargetDependency */,
			);
			name = WeatherUITests;
			productName = WeatherUITests;
			productReference = 368179EC2213E1CE00C0B043 /* WeatherUITests.xctest */;
			productType = "com.apple.product-type.bundle.ui-testing";
		};
/* End PBXNativeTarget section */

/* Begin PBXProject section */
		368179C52213E1C500C0B043 /* Project object */ = {
			isa = PBXProject;
			attributes = {
				LastSwiftUpdateCheck = 1010;
				LastUpgradeCheck = 1010;
				ORGANIZATIONNAME = sirius;
				TargetAttributes = {
					368179CC2213E1C500C0B043 = {
						CreatedOnToolsVersion = 10.1;
					};
					368179E02213E1CD00C0B043 = {
						CreatedOnToolsVersion = 10.1;
						TestTargetID = 368179CC2213E1C500C0B043;
					};
					368179EB2213E1CE00C0B043 = {
						CreatedOnToolsVersion = 10.1;
						TestTargetID = 368179CC2213E1C500C0B043;
					};
				};
			};
			buildConfigurationList = 368179C82213E1C500C0B043 /* Build configuration list for PBXProject "Weather" */;
			compatibilityVersion = "Xcode 9.3";
			developmentRegion = en;
			hasScannedForEncodings = 0;
			knownRegions = (
				en,
				Base,
			);
			mainGroup = 368179C42213E1C500C0B043;
			productRefGroup = 368179CE2213E1C600C0B043 /* Products */;
			projectDirPath = "";
			projectRoot = "";
			targets = (
				368179CC2213E1C500C0B043 /* Weather */,
				368179E02213E1CD00C0B043 /* WeatherTests */,
				368179EB2213E1CE00C0B043 /* WeatherUITests */,
			);
		};
/* End PBXProject section */

/* Begin PBXResourcesBuildPhase section */
		368179CB2213E1C500C0B043 /* Resources */ = {
			isa = PBXResourcesBuildPhase;
			buildActionMask = 2147483647;
			files = (
				368179DB2213E1CD00C0B043 /* LaunchScreen.storyboard in Resources */,
				368179D82213E1CD00C0B043 /* Assets.xcassets in Resources */,
				368179D62213E1C600C0B043 /* Main.storyboard in Resources */,
			);
			runOnlyForDeploymentPostprocessing = 0;
		};
		368179DF2213E1CD00C0B043 /* Resources */ = {
			isa = PBXResourcesBuildPhase;
			buildActionMask = 2147483647;
			files = (
			);
			runOnlyForDeploymentPostprocessing = 0;
		};
		368179EA2213E1CE00C0B043 /* Resources */ = {
			isa = PBXResourcesBuildPhase;
			buildActionMask = 2147483647;
			files = (
			);
			runOnlyForDeploymentPostprocessing = 0;
		};
/* End PBXResourcesBuildPhase section */

/* Begin PBXSourcesBuildPhase section */
		368179C92213E1C500C0B043 /* Sources */ = {
			isa = PBXSourcesBuildPhase;
			buildActionMask = 2147483647;
			files = (
				368179D32213E1C600C0B043 /* ViewController.swift in Sources */,
				368179FF2213E36800C0B043 /* test.swift in Sources */,
				368179D12213E1C600C0B043 /* AppDelegate.swift in Sources */,
			);
			runOnlyForDeploymentPostprocessing = 0;
		};
		368179DD2213E1CD00C0B043 /* Sources */ = {
			isa = PBXSourcesBuildPhase;
			buildActionMask = 2147483647;
			files = (
				368179E62213E1CD00C0B043 /* WeatherTests.swift in Sources */,
			);
			runOnlyForDeploymentPostprocessing = 0;
		};
		368179E82213E1CE00C0B043 /* Sources */ = {
			isa = PBXSourcesBuildPhase;
			buildActionMask = 2147483647;
			files = (
				368179F12213E1CE00C0B043 /* WeatherUITests.swift in Sources */,
			);
			runOnlyForDeploymentPostprocessing = 0;
		};
/* End PBXSourcesBuildPhase section */

/* Begin PBXTargetDependency section */
		368179E32213E1CD00C0B043 /* PBXTargetDependency */ = {
			isa = PBXTargetDependency;
			target = 368179CC2213E1C500C0B043 /* Weather */;
			targetProxy = 368179E22213E1CD00C0B043 /* PBXContainerItemProxy */;
		};
		368179EE2213E1CE00C0B043 /* PBXTargetDependency */ = {
			isa = PBXTargetDependency;
			target = 368179CC2213E1C500C0B043 /* Weather */;
			targetProxy = 368179ED2213E1CE00C0B043 /* PBXContainerItemProxy */;
		};
/* End PBXTargetDependency section */

/* Begin PBXVariantGroup section */
		368179D42213E1C600C0B043 /* Main.storyboard */ = {
			isa = PBXVariantGroup;
			children = (
				368179D52213E1C600C0B043 /* Base */,
			);
			name = Main.storyboard;
			sourceTree = "<group>";
		};
		368179D92213E1CD00C0B043 /* LaunchScreen.storyboard */ = {
			isa = PBXVariantGroup;
			children = (
				368179DA2213E1CD00C0B043 /* Base */,
			);
			name = LaunchScreen.storyboard;
			sourceTree = "<group>";
		};
/* End PBXVariantGroup section */

/* Begin XCBuildConfiguration section */
		368179F32213E1CE00C0B043 /* Debug */ = {
			isa = XCBuildConfiguration;
			buildSettings = {
				ALWAYS_SEARCH_USER_PATHS = NO;
				CLANG_ANALYZER_NONNULL = YES;
				CLANG_ANALYZER_NUMBER_OBJECT_CONVERSION = YES_AGGRESSIVE;
				CLANG_CXX_LANGUAGE_STANDARD = "gnu++14";
				CLANG_CXX_LIBRARY = "libc++";
				CLANG_ENABLE_MODULES = YES;
				CLANG_ENABLE_OBJC_ARC = YES;
				CLANG_ENABLE_OBJC_WEAK = YES;
				CLANG_WARN_BLOCK_CAPTURE_AUTORELEASING = YES;
				CLANG_WARN_BOOL_CONVERSION = YES;
				CLANG_WARN_COMMA = YES;
				CLANG_WARN_CONSTANT_CONVERSION = YES;
				CLANG_WARN_DEPRECATED_OBJC_IMPLEMENTATIONS = YES;
				CLANG_WARN_DIRECT_OBJC_ISA_USAGE = YES_ERROR;
				CLANG_WARN_DOCUMENTATION_COMMENTS = YES;
				CLANG_WARN_EMPTY_BODY = YES;
				CLANG_WARN_ENUM_CONVERSION = YES;
				CLANG_WARN_INFINITE_RECURSION = YES;
				CLANG_WARN_INT_CONVERSION = YES;
				CLANG_WARN_NON_LITERAL_NULL_CONVERSION = YES;
				CLANG_WARN_OBJC_IMPLICIT_RETAIN_SELF = YES;
				CLANG_WARN_OBJC_LITERAL_CONVERSION = YES;
				CLANG_WARN_OBJC_ROOT_CLASS = YES_ERROR;
				CLANG_WARN_RANGE_LOOP_ANALYSIS = YES;
				CLANG_WARN_STRICT_PROTOTYPES = YES;
				CLANG_WARN_SUSPICIOUS_MOVE = YES;
				CLANG_WARN_UNGUARDED_AVAILABILITY = YES_AGGRESSIVE;
				CLANG_WARN_UNREACHABLE_CODE = YES;
				CLANG_WARN__DUPLICATE_METHOD_MATCH = YES;
				CODE_SIGN_IDENTITY = "iPhone Developer";
				COPY_PHASE_STRIP = NO;
				DEBUG_INFORMATION_FORMAT = dwarf;
				ENABLE_STRICT_OBJC_MSGSEND = YES;
				ENABLE_TESTABILITY = YES;
				GCC_C_LANGUAGE_STANDARD = gnu11;
				GCC_DYNAMIC_NO_PIC = NO;
				GCC_NO_COMMON_BLOCKS = YES;
				GCC_OPTIMIZATION_LEVEL = 0;
				GCC_PREPROCESSOR_DEFINITIONS = (
					"DEBUG=1",
					"$(inherited)",
				);
				GCC_WARN_64_TO_32_BIT_CONVERSION = YES;
				GCC_WARN_ABOUT_RETURN_TYPE = YES_ERROR;
				GCC_WARN_UNDECLARED_SELECTOR = YES;
				GCC_WARN_UNINITIALIZED_AUTOS = YES_AGGRESSIVE;
				GCC_WARN_UNUSED_FUNCTION = YES;
				GCC_WARN_UNUSED_VARIABLE = YES;
				IPHONEOS_DEPLOYMENT_TARGET = 12.1;
				MTL_ENABLE_DEBUG_INFO = INCLUDE_SOURCE;
				MTL_FAST_MATH = YES;
				ONLY_ACTIVE_ARCH = YES;
				SDKROOT = iphoneos;
				SWIFT_ACTIVE_COMPILATION_CONDITIONS = DEBUG;
				SWIFT_OPTIMIZATION_LEVEL = "-Onone";
			};
			name = Debug;
		};
		368179F42213E1CE00C0B043 /* Release */ = {
			isa = XCBuildConfiguration;
			buildSettings = {
				ALWAYS_SEARCH_USER_PATHS = NO;
				CLANG_ANALYZER_NONNULL = YES;
				CLANG_ANALYZER_NUMBER_OBJECT_CONVERSION = YES_AGGRESSIVE;
				CLANG_CXX_LANGUAGE_STANDARD = "gnu++14";
				CLANG_CXX_LIBRARY = "libc++";
				CLANG_ENABLE_MODULES = YES;
				CLANG_ENABLE_OBJC_ARC = YES;
				CLANG_ENABLE_OBJC_WEAK = YES;
				CLANG_WARN_BLOCK_CAPTURE_AUTORELEASING = YES;
				CLANG_WARN_BOOL_CONVERSION = YES;
				CLANG_WARN_COMMA = YES;
				CLANG_WARN_CONSTANT_CONVERSION = YES;
				CLANG_WARN_DEPRECATED_OBJC_IMPLEMENTATIONS = YES;
				CLANG_WARN_DIRECT_OBJC_ISA_USAGE = YES_ERROR;
				CLANG_WARN_DOCUMENTATION_COMMENTS = YES;
				CLANG_WARN_EMPTY_BODY = YES;
				CLANG_WARN_ENUM_CONVERSION = YES;
				CLANG_WARN_INFINITE_RECURSION = YES;
				CLANG_WARN_INT_CONVERSION = YES;
				CLANG_WARN_NON_LITERAL_NULL_CONVERSION = YES;
				CLANG_WARN_OBJC_IMPLICIT_RETAIN_SELF = YES;
				CLANG_WARN_OBJC_LITERAL_CONVERSION = YES;
				CLANG_WARN_OBJC_ROOT_CLASS = YES_ERROR;
				CLANG_WARN_RANGE_LOOP_ANALYSIS = YES;
				CLANG_WARN_STRICT_PROTOTYPES = YES;
				CLANG_WARN_SUSPICIOUS_MOVE = YES;
				CLANG_WARN_UNGUARDED_AVAILABILITY = YES_AGGRESSIVE;
				CLANG_WARN_UNREACHABLE_CODE = YES;
				CLANG_WARN__DUPLICATE_METHOD_MATCH = YES;
				CODE_SIGN_IDENTITY = "iPhone Developer";
				COPY_PHASE_STRIP = NO;
				DEBUG_INFORMATION_FORMAT = "dwarf-with-dsym";
				ENABLE_NS_ASSERTIONS = NO;
				ENABLE_STRICT_OBJC_MSGSEND = YES;
				GCC_C_LANGUAGE_STANDARD = gnu11;
				GCC_NO_COMMON_BLOCKS = YES;
				GCC_WARN_64_TO_32_BIT_CONVERSION = YES;
				GCC_WARN_ABOUT_RETURN_TYPE = YES_ERROR;
				GCC_WARN_UNDECLARED_SELECTOR = YES;
				GCC_WARN_UNINITIALIZED_AUTOS = YES_AGGRESSIVE;
				GCC_WARN_UNUSED_FUNCTION = YES;
				GCC_WARN_UNUSED_VARIABLE = YES;
				IPHONEOS_DEPLOYMENT_TARGET = 12.1;
				MTL_ENABLE_DEBUG_INFO = NO;
				MTL_FAST_MATH = YES;
				SDKROOT = iphoneos;
				SWIFT_COMPILATION_MODE = wholemodule;
				SWIFT_OPTIMIZATION_LEVEL = "-O";
				VALIDATE_PRODUCT = YES;
			};
			name = Release;
		};
		368179F62213E1CE00C0B043 /* Debug */ = {
			isa = XCBuildConfiguration;
			buildSettings = {
				ASSETCATALOG_COMPILER_APPICON_NAME = AppIcon;
				CODE_SIGN_STYLE = Automatic;
				INFOPLIST_FILE = Weather/Info.plist;
				LD_RUNPATH_SEARCH_PATHS = (
					"$(inherited)",
					"@executable_path/Frameworks",
				);
				PRODUCT_BUNDLE_IDENTIFIER = sirius.Weather;
				PRODUCT_NAME = "$(TARGET_NAME)";
				SWIFT_VERSION = 4.2;
				TARGETED_DEVICE_FAMILY = "1,2";
			};
			name = Debug;
		};
		368179F72213E1CE00C0B043 /* Release */ = {
			isa = XCBuildConfiguration;
			buildSettings = {
				ASSETCATALOG_COMPILER_APPICON_NAME = AppIcon;
				CODE_SIGN_STYLE = Automatic;
				INFOPLIST_FILE = Weather/Info.plist;
				LD_RUNPATH_SEARCH_PATHS = (
					"$(inherited)",
					"@executable_path/Frameworks",
				);
				PRODUCT_BUNDLE_IDENTIFIER = sirius.Weather;
				PRODUCT_NAME = "$(TARGET_NAME)";
				SWIFT_VERSION = 4.2;
				TARGETED_DEVICE_FAMILY = "1,2";
			};
			name = Release;
		};
		368179F92213E1CE00C0B043 /* Debug */ = {
			isa = XCBuildConfiguration;
			buildSettings = {
				ALWAYS_EMBED_SWIFT_STANDARD_LIBRARIES = YES;
				BUNDLE_LOADER = "$(TEST_HOST)";
				CODE_SIGN_STYLE = Automatic;
				INFOPLIST_FILE = WeatherTests/Info.plist;
				LD_RUNPATH_SEARCH_PATHS = (
					"$(inherited)",
					"@executable_path/Frameworks",
					"@loader_path/Frameworks",
				);
				PRODUCT_BUNDLE_IDENTIFIER = sirius.WeatherTests;
				PRODUCT_NAME = "$(TARGET_NAME)";
				SWIFT_VERSION = 4.2;
				TARGETED_DEVICE_FAMILY = "1,2";
				TEST_HOST = "$(BUILT_PRODUCTS_DIR)/Weather.app/Weather";
			};
			name = Debug;
		};
		368179FA2213E1CE00C0B043 /* Release */ = {
			isa = XCBuildConfiguration;
			buildSettings = {
				ALWAYS_EMBED_SWIFT_STANDARD_LIBRARIES = YES;
				BUNDLE_LOADER = "$(TEST_HOST)";
				CODE_SIGN_STYLE = Automatic;
				INFOPLIST_FILE = WeatherTests/Info.plist;
				LD_RUNPATH_SEARCH_PATHS = (
					"$(inherited)",
					"@executable_path/Frameworks",
					"@loader_path/Frameworks",
				);
				PRODUCT_BUNDLE_IDENTIFIER = sirius.WeatherTests;
				PRODUCT_NAME = "$(TARGET_NAME)";
				SWIFT_VERSION = 4.2;
				TARGETED_DEVICE_FAMILY = "1,2";
				TEST_HOST = "$(BUILT_PRODUCTS_DIR)/Weather.app/Weather";
			};
			name = Release;
		};
		368179FC2213E1CE00C0B043 /* Debug */ = {
			isa = XCBuildConfiguration;
			buildSettings = {
				ALWAYS_EMBED_SWIFT_STANDARD_LIBRARIES = YES;
				CODE_SIGN_STYLE = Automatic;
				INFOPLIST_FILE = WeatherUITests/Info.plist;
				LD_RUNPATH_SEARCH_PATHS = (
					"$(inherited)",
					"@executable_path/Frameworks",
					"@loader_path/Frameworks",
				);
				PRODUCT_BUNDLE_IDENTIFIER = sirius.WeatherUITests;
				PRODUCT_NAME = "$(TARGET_NAME)";
				SWIFT_VERSION = 4.2;
				TARGETED_DEVICE_FAMILY = "1,2";
				TEST_TARGET_NAME = Weather;
			};
			name = Debug;
		};
		368179FD2213E1CE00C0B043 /* Release */ = {
			isa = XCBuildConfiguration;
			buildSettings = {
				ALWAYS_EMBED_SWIFT_STANDARD_LIBRARIES = YES;
				CODE_SIGN_STYLE = Automatic;
				INFOPLIST_FILE = WeatherUITests/Info.plist;
				LD_RUNPATH_SEARCH_PATHS = (
					"$(inherited)",
					"@executable_path/Frameworks",
					"@loader_path/Frameworks",
				);
				PRODUCT_BUNDLE_IDENTIFIER = sirius.WeatherUITests;
				PRODUCT_NAME = "$(TARGET_NAME)";
				SWIFT_VERSION = 4.2;
				TARGETED_DEVICE_FAMILY = "1,2";
				TEST_TARGET_NAME = Weather;
			};
			name = Release;
		};
/* End XCBuildConfiguration section */

/* Begin XCConfigurationList section */
		368179C82213E1C500C0B043 /* Build configuration list for PBXProject "Weather" */ = {
			isa = XCConfigurationList;
			buildConfigurations = (
				368179F32213E1CE00C0B043 /* Debug */,
				368179F42213E1CE00C0B043 /* Release */,
			);
			defaultConfigurationIsVisible = 0;
			defaultConfigurationName = Release;
		};
		368179F52213E1CE00C0B043 /* Build configuration list for PBXNativeTarget "Weather" */ = {
			isa = XCConfigurationList;
			buildConfigurations = (
				368179F62213E1CE00C0B043 /* Debug */,
				368179F72213E1CE00C0B043 /* Release */,
			);
			defaultConfigurationIsVisible = 0;
			defaultConfigurationName = Release;
		};
		368179F82213E1CE00C0B043 /* Build configuration list for PBXNativeTarget "WeatherTests" */ = {
			isa = XCConfigurationList;
			buildConfigurations = (
				368179F92213E1CE00C0B043 /* Debug */,
				368179FA2213E1CE00C0B043 /* Release */,
			);
			defaultConfigurationIsVisible = 0;
			defaultConfigurationName = Release;
		};
		368179FB2213E1CE00C0B043 /* Build configuration list for PBXNativeTarget "WeatherUITests" */ = {
			isa = XCConfigurationList;
			buildConfigurations = (
				368179FC2213E1CE00C0B043 /* Debug */,
				368179FD2213E1CE00C0B043 /* Release */,
			);
			defaultConfigurationIsVisible = 0;
			defaultConfigurationName = Release;
		};
/* End XCConfigurationList section */
	};
	rootObject = 368179C52213E1C500C0B043 /* Project object */;
}
